
Microsoft Visual Studio Solution File, Format Version 12.00
# Visual Studio Version 17
VisualStudioVersion = 17.7.34221.43
MinimumVisualStudioVersion = 10.0.40219.1
Project("{FAE04EC0-301F-11D3-BF4B-00C04F79EFBC}") = "proyecto_swich", "proyecto_swich\proyecto_swich.csproj", "{FB316036-0452-4EEF-9F34-9F83C5CFCFBB}"
EndProject
Global
	GlobalSection(SolutionConfigurationPlatforms) = preSolution
		Debug|Any CPU = Debug|Any CPU
		Release|Any CPU = Release|Any CPU
	EndGlobalSection
	GlobalSection(ProjectConfigurationPlatforms) = postSolution
		{FB316036-0452-4EEF-9F34-9F83C5CFCFBB}.Debug|Any CPU.ActiveCfg = Debug|Any CPU
		{FB316036-0452-4EEF-9F34-9F83C5CFCFBB}.Debug|Any CPU.Build.0 = Debug|Any CPU
		{FB316036-0452-4EEF-9F34-9F83C5CFCFBB}.Release|Any CPU.ActiveCfg = Release|Any CPU
		{FB316036-0452-4EEF-9F34-9F83C5CFCFBB}.Release|Any CPU.Build.0 = Release|Any CPU
	EndGlobalSection
	GlobalSection(SolutionProperties) = preSolution
		HideSolutionNode = FALSE
	EndGlobalSection
	GlobalSection(ExtensibilityGlobals) = postSolution
		SolutionGuid = {805FF59F-8C04-46F7-9B00-9407698E46BB}
	EndGlobalSection
EndGlobal
